
Microsoft Visual Studio Solution File, Format Version 12.00
# Visual Studio Version 17
VisualStudioVersion = 17.5.002.0
MinimumVisualStudioVersion = 10.0.40219.1
Project("{2150E333-8FDC-42A3-9474-1A3956D46DE8}") = "packages", "packages", "{913191E6-7B63-496F-B750-DC6AB67B81D2}"
EndProject
Project("{9A19103F-16F7-4668-BE54-9A1E7A4F7556}") = "CSharp", "packages\CSharp\CSharp.csproj", "{9B0968DD-DC10-4527-8A23-D08EFA0BB27B}"
EndProject
Project("{2150E333-8FDC-42A3-9474-1A3956D46DE8}") = "node_modules", "node_modules", "{FD108212-C283-4C88-A9FB-5DBDC4407866}"
EndProject
Project("{2150E333-8FDC-42A3-9474-1A3956D46DE8}") = "sst", "sst", "{6AFE6DB3-4D4F-4B15-8C75-C9AB1F5A026E}"
EndProject
Project("{2150E333-8FDC-42A3-9474-1A3956D46DE8}") = "support", "support", "{57D32805-E6BC-4BCE-A134-C20115D69CC5}"
EndProject
Project("{9A19103F-16F7-4668-BE54-9A1E7A4F7556}") = "dotnet-bootstrap", "node_modules\sst\support\dotnet31-bootstrap\dotnet-bootstrap.csproj", "{B2D39D93-BA25-44B8-8D13-410EA5739BE2}"
EndProject
Project("{9A19103F-16F7-4668-BE54-9A1E7A4F7556}") = "dotnet-bootstrap (1)", "node_modules\sst\support\dotnet6-bootstrap\dotnet-bootstrap.csproj", "{44D093FD-DB56-4BE4-93B5-31755A1B69C9}"
EndProject
Project("{2150E333-8FDC-42A3-9474-1A3956D46DE8}") = "sst-aws-cdk", "sst-aws-cdk", "{00DD8C87-83AA-4344-A06D-19E74789BDFE}"
EndProject
Project("{2150E333-8FDC-42A3-9474-1A3956D46DE8}") = "lib", "lib", "{FF7D8E9A-06FE-42D7-B0A3-002DAA9E5AE3}"
EndProject
Project("{2150E333-8FDC-42A3-9474-1A3956D46DE8}") = "init-templates", "init-templates", "{BB102479-D349-4DE3-B632-BD52F80765EE}"
EndProject
Project("{2150E333-8FDC-42A3-9474-1A3956D46DE8}") = "sample-app", "sample-app", "{84A5A550-D307-4815-8B1D-11D55693514F}"
EndProject
Project("{2150E333-8FDC-42A3-9474-1A3956D46DE8}") = "csharp", "csharp", "{654F75DF-4E60-4276-B594-8E895968960E}"
EndProject
Project("{2150E333-8FDC-42A3-9474-1A3956D46DE8}") = "src", "src", "{086BBF7F-2D19-41C8-8291-E4EC30FC4640}"
EndProject
Project("{9A19103F-16F7-4668-BE54-9A1E7A4F7556}") = "%name.PascalCased%.template", "node_modules\sst-aws-cdk\lib\init-templates\sample-app\csharp\src\%name.PascalCased%\%name.PascalCased%.template.csproj", "{6AAFD938-BBFF-406C-AE87-008A0CF7B7F6}"
EndProject
Project("{2150E333-8FDC-42A3-9474-1A3956D46DE8}") = "app", "app", "{EC2AACFA-D243-4FF1-AC9E-BC6531296060}"
EndProject
Project("{2150E333-8FDC-42A3-9474-1A3956D46DE8}") = "csharp", "csharp", "{5B86E702-6E3E-443C-8407-44312B56147C}"
EndProject
Project("{2150E333-8FDC-42A3-9474-1A3956D46DE8}") = "src", "src", "{57E0703E-2873-43BD-87CE-AB650B664036}"
EndProject
Project("{9A19103F-16F7-4668-BE54-9A1E7A4F7556}") = "%name.PascalCased%.template", "node_modules\sst-aws-cdk\lib\init-templates\app\csharp\src\%name.PascalCased%\%name.PascalCased%.template.csproj", "{A182F132-82CA-4846-AAB7-D2ADD683723D}"
EndProject
Global
	GlobalSection(SolutionConfigurationPlatforms) = preSolution
		Debug|Any CPU = Debug|Any CPU
		Release|Any CPU = Release|Any CPU
	EndGlobalSection
	GlobalSection(ProjectConfigurationPlatforms) = postSolution
		{9B0968DD-DC10-4527-8A23-D08EFA0BB27B}.Debug|Any CPU.ActiveCfg = Debug|Any CPU
		{9B0968DD-DC10-4527-8A23-D08EFA0BB27B}.Debug|Any CPU.Build.0 = Debug|Any CPU
		{9B0968DD-DC10-4527-8A23-D08EFA0BB27B}.Release|Any CPU.ActiveCfg = Release|Any CPU
		{9B0968DD-DC10-4527-8A23-D08EFA0BB27B}.Release|Any CPU.Build.0 = Release|Any CPU
		{B2D39D93-BA25-44B8-8D13-410EA5739BE2}.Debug|Any CPU.ActiveCfg = Debug|Any CPU
		{B2D39D93-BA25-44B8-8D13-410EA5739BE2}.Debug|Any CPU.Build.0 = Debug|Any CPU
		{B2D39D93-BA25-44B8-8D13-410EA5739BE2}.Release|Any CPU.ActiveCfg = Release|Any CPU
		{B2D39D93-BA25-44B8-8D13-410EA5739BE2}.Release|Any CPU.Build.0 = Release|Any CPU
		{44D093FD-DB56-4BE4-93B5-31755A1B69C9}.Debug|Any CPU.ActiveCfg = Debug|Any CPU
		{44D093FD-DB56-4BE4-93B5-31755A1B69C9}.Debug|Any CPU.Build.0 = Debug|Any CPU
		{44D093FD-DB56-4BE4-93B5-31755A1B69C9}.Release|Any CPU.ActiveCfg = Release|Any CPU
		{44D093FD-DB56-4BE4-93B5-31755A1B69C9}.Release|Any CPU.Build.0 = Release|Any CPU
		{6AAFD938-BBFF-406C-AE87-008A0CF7B7F6}.Debug|Any CPU.ActiveCfg = Debug|Any CPU
		{6AAFD938-BBFF-406C-AE87-008A0CF7B7F6}.Debug|Any CPU.Build.0 = Debug|Any CPU
		{6AAFD938-BBFF-406C-AE87-008A0CF7B7F6}.Release|Any CPU.ActiveCfg = Release|Any CPU
		{6AAFD938-BBFF-406C-AE87-008A0CF7B7F6}.Release|Any CPU.Build.0 = Release|Any CPU
		{A182F132-82CA-4846-AAB7-D2ADD683723D}.Debug|Any CPU.ActiveCfg = Debug|Any CPU
		{A182F132-82CA-4846-AAB7-D2ADD683723D}.Debug|Any CPU.Build.0 = Debug|Any CPU
		{A182F132-82CA-4846-AAB7-D2ADD683723D}.Release|Any CPU.ActiveCfg = Release|Any CPU
		{A182F132-82CA-4846-AAB7-D2ADD683723D}.Release|Any CPU.Build.0 = Release|Any CPU
	EndGlobalSection
	GlobalSection(SolutionProperties) = preSolution
		HideSolutionNode = FALSE
	EndGlobalSection
	GlobalSection(NestedProjects) = preSolution
		{9B0968DD-DC10-4527-8A23-D08EFA0BB27B} = {913191E6-7B63-496F-B750-DC6AB67B81D2}
		{6AFE6DB3-4D4F-4B15-8C75-C9AB1F5A026E} = {FD108212-C283-4C88-A9FB-5DBDC4407866}
		{57D32805-E6BC-4BCE-A134-C20115D69CC5} = {6AFE6DB3-4D4F-4B15-8C75-C9AB1F5A026E}
		{B2D39D93-BA25-44B8-8D13-410EA5739BE2} = {57D32805-E6BC-4BCE-A134-C20115D69CC5}
		{44D093FD-DB56-4BE4-93B5-31755A1B69C9} = {57D32805-E6BC-4BCE-A134-C20115D69CC5}
		{00DD8C87-83AA-4344-A06D-19E74789BDFE} = {FD108212-C283-4C88-A9FB-5DBDC4407866}
		{FF7D8E9A-06FE-42D7-B0A3-002DAA9E5AE3} = {00DD8C87-83AA-4344-A06D-19E74789BDFE}
		{BB102479-D349-4DE3-B632-BD52F80765EE} = {FF7D8E9A-06FE-42D7-B0A3-002DAA9E5AE3}
		{84A5A550-D307-4815-8B1D-11D55693514F} = {BB102479-D349-4DE3-B632-BD52F80765EE}
		{654F75DF-4E60-4276-B594-8E895968960E} = {84A5A550-D307-4815-8B1D-11D55693514F}
		{086BBF7F-2D19-41C8-8291-E4EC30FC4640} = {654F75DF-4E60-4276-B594-8E895968960E}
		{6AAFD938-BBFF-406C-AE87-008A0CF7B7F6} = {086BBF7F-2D19-41C8-8291-E4EC30FC4640}
		{EC2AACFA-D243-4FF1-AC9E-BC6531296060} = {BB102479-D349-4DE3-B632-BD52F80765EE}
		{5B86E702-6E3E-443C-8407-44312B56147C} = {EC2AACFA-D243-4FF1-AC9E-BC6531296060}
		{57E0703E-2873-43BD-87CE-AB650B664036} = {5B86E702-6E3E-443C-8407-44312B56147C}
		{A182F132-82CA-4846-AAB7-D2ADD683723D} = {57E0703E-2873-43BD-87CE-AB650B664036}
	EndGlobalSection
	GlobalSection(ExtensibilityGlobals) = postSolution
		SolutionGuid = {427A8915-1067-4235-898F-D339DB83F04D}
	EndGlobalSection
EndGlobal
